
Microsoft Visual Studio Solution File, Format Version 12.00
# Visual Studio Version 17
VisualStudioVersion = 17.4.33213.308
MinimumVisualStudioVersion = 10.0.40219.1
Project("{FAE04EC0-301F-11D3-BF4B-00C04F79EFBC}") = "PSPostgres", "PSPostgres\PSPostgres.csproj", "{A9E895B4-55FE-4DF4-BFEC-028AD3D184FF}"
EndProject
Global
	GlobalSection(SolutionConfigurationPlatforms) = preSolution
		Debug|Any CPU = Debug|Any CPU
		Release|Any CPU = Release|Any CPU
	EndGlobalSection
	GlobalSection(ProjectConfigurationPlatforms) = postSolution
		{A9E895B4-55FE-4DF4-BFEC-028AD3D184FF}.Debug|Any CPU.ActiveCfg = Debug|Any CPU
		{A9E895B4-55FE-4DF4-BFEC-028AD3D184FF}.Debug|Any CPU.Build.0 = Debug|Any CPU
		{A9E895B4-55FE-4DF4-BFEC-028AD3D184FF}.Release|Any CPU.ActiveCfg = Release|Any CPU
		{A9E895B4-55FE-4DF4-BFEC-028AD3D184FF}.Release|Any CPU.Build.0 = Release|Any CPU
	EndGlobalSection
	GlobalSection(SolutionProperties) = preSolution
		HideSolutionNode = FALSE
	EndGlobalSection
	GlobalSection(ExtensibilityGlobals) = postSolution
		SolutionGuid = {20FAE424-C330-4423-B201-DF9B9AEC1874}
	EndGlobalSection
EndGlobal
